PODS:
  - Http.swift (1.3.2):
    - Socket.swift (~> 1.3)
  - Socket.swift (1.3)
  - SQLite.swift (0.11.2):
    - SQLite.swift/standard (= 0.11.2)
  - SQLite.swift/standard (0.11.2)

DEPENDENCIES:
  - Http.swift (~> 1.3)
  - SQLite.swift (~> 0.11)

SPEC CHECKSUMS:
  Http.swift: ad9bc86cf0381dcd1d0d93cfb59b09ed80627ed1
  Socket.swift: 54364aa671ed467e7120a97f6ca6aa71f55956dd
  SQLite.swift: 670c3e9e0a806bbfd56a3de5d530768dc0e6fe7c

PODFILE CHECKSUM: f48d3b806049876165b67cb7e88bbb0f540bcfc7

COCOAPODS: 1.2.1
